
Microsoft Visual Studio Solution File, Format Version 12.00
# Visual Studio Version 17
VisualStudioVersion = 17.8.34330.188
MinimumVisualStudioVersion = 10.0.40219.1
Project("{FAE04EC0-301F-11D3-BF4B-00C04F79EFBC}") = "GtfsRealtimeBindings", "GtfsRealtimeBindings\GtfsRealtimeBindings.csproj", "{B64CDBB5-82A0-40A5-B5E9-71FBE9FB2B02}"
EndProject
Project("{9A19103F-16F7-4668-BE54-9A1E7A4F7556}") = "GtfsRealtimeBindingsTest", "GtfsRealtimeBindingsTest\GtfsRealtimeBindingsTest.csproj", "{6CF386BF-B735-4ADA-B46D-7779A7ABD7FF}"
EndProject
Global
	GlobalSection(SolutionConfigurationPlatforms) = preSolution
		Debug|Any CPU = Debug|Any CPU
		Release|Any CPU = Release|Any CPU
	EndGlobalSection
	GlobalSection(ProjectConfigurationPlatforms) = postSolution
		{B64CDBB5-82A0-40A5-B5E9-71FBE9FB2B02}.Debug|Any CPU.ActiveCfg = Debug|Any CPU
		{B64CDBB5-82A0-40A5-B5E9-71FBE9FB2B02}.Debug|Any CPU.Build.0 = Debug|Any CPU
		{B64CDBB5-82A0-40A5-B5E9-71FBE9FB2B02}.Release|Any CPU.ActiveCfg = Release|Any CPU
		{B64CDBB5-82A0-40A5-B5E9-71FBE9FB2B02}.Release|Any CPU.Build.0 = Release|Any CPU
		{6CF386BF-B735-4ADA-B46D-7779A7ABD7FF}.Debug|Any CPU.ActiveCfg = Debug|Any CPU
		{6CF386BF-B735-4ADA-B46D-7779A7ABD7FF}.Debug|Any CPU.Build.0 = Debug|Any CPU
		{6CF386BF-B735-4ADA-B46D-7779A7ABD7FF}.Release|Any CPU.ActiveCfg = Release|Any CPU
		{6CF386BF-B735-4ADA-B46D-7779A7ABD7FF}.Release|Any CPU.Build.0 = Release|Any CPU
	EndGlobalSection
	GlobalSection(SolutionProperties) = preSolution
		HideSolutionNode = FALSE
	EndGlobalSection
	GlobalSection(ExtensibilityGlobals) = postSolution
		SolutionGuid = {70CCCE3F-5C2F-4DDA-90D8-5B2B94258B43}
	EndGlobalSection
EndGlobal
