{
    "name": "gtfs-realtime-bindings-transit",
    "version": "1.2.0",
    "lockfileVersion": 1,
    "requires": true,
    "dependencies": {
        "@protobufjs/aspromise": {
            "version": "1.1.2",
            "resolved": "https://registry.npmjs.org/@protobufjs/aspromise/-/aspromise-1.1.2.tgz",
            "integrity": "sha1-m4sMxmPWaafY9vXQiToU00jzD78="
        },
        "@protobufjs/base64": {
            "version": "1.1.2",
            "resolved": "https://registry.npmjs.org/@protobufjs/base64/-/base64-1.1.2.tgz",
            "integrity": "sha512-AZkcAA5vnN/v4PDqKyMR5lx7hZttPDgClv83E//FMNhR2TMcLUhfRUBHCmSl0oi9zMgDDqRUJkSxO3wm85+XLg=="
        },
        "@protobufjs/codegen": {
            "version": "2.0.4",
            "resolved": "https://registry.npmjs.org/@protobufjs/codegen/-/codegen-2.0.4.tgz",
            "integrity": "sha512-YyFaikqM5sH0ziFZCN3xDC7zeGaB/d0IUb9CATugHWbd1FRFwWwt4ld4OYMPWu5a3Xe01mGAULCdqhMlPl29Jg=="
        },
        "@protobufjs/eventemitter": {
            "version": "1.1.0",
            "resolved": "https://registry.npmjs.org/@protobufjs/eventemitter/-/eventemitter-1.1.0.tgz",
            "integrity": "sha1-NVy8mLr61ZePntCV85diHx0Ga3A="
        },
        "@protobufjs/fetch": {
            "version": "1.1.0",
            "resolved": "https://registry.npmjs.org/@protobufjs/fetch/-/fetch-1.1.0.tgz",
            "integrity": "sha1-upn7WYYUr2VwDBYZ/wbUVLDYTEU=",
            "requires": {
                "@protobufjs/aspromise": "^1.1.1",
                "@protobufjs/inquire": "^1.1.0"
            }
        },
        "@protobufjs/float": {
            "version": "1.0.2",
            "resolved": "https://registry.npmjs.org/@protobufjs/float/-/float-1.0.2.tgz",
            "integrity": "sha1-Xp4avctz/Ap8uLKR33jIy9l7h9E="
        },
        "@protobufjs/inquire": {
            "version": "1.1.0",
            "resolved": "https://registry.npmjs.org/@protobufjs/inquire/-/inquire-1.1.0.tgz",
            "integrity": "sha1-/yAOPnzyQp4tyvwRQIKOjMY48Ik="
        },
        "@protobufjs/path": {
            "version": "1.1.2",
            "resolved": "https://registry.npmjs.org/@protobufjs/path/-/path-1.1.2.tgz",
            "integrity": "sha1-bMKyDFya1q0NzP0hynZz2Nf79o0="
        },
        "@protobufjs/pool": {
            "version": "1.1.0",
            "resolved": "https://registry.npmjs.org/@protobufjs/pool/-/pool-1.1.0.tgz",
            "integrity": "sha1-Cf0V8tbTq/qbZbw2ZQbWrXhG/1Q="
        },
        "@protobufjs/utf8": {
            "version": "1.1.0",
            "resolved": "https://registry.npmjs.org/@protobufjs/utf8/-/utf8-1.1.0.tgz",
            "integrity": "sha1-p3c2C1s5oaLlEG+OhY8v0tBgxXA="
        },
        "@types/long": {
            "version": "4.0.0",
            "resolved": "https://registry.npmjs.org/@types/long/-/long-4.0.0.tgz",
            "integrity": "sha512-1w52Nyx4Gq47uuu0EVcsHBxZFJgurQ+rTKS3qMHxR1GY2T8c2AJYd6vZoZ9q1rupaDjU0yT+Jc2XTyXkjeMA+Q=="
        },
        "@types/node": {
            "version": "10.14.4",
            "resolved": "https://registry.npmjs.org/@types/node/-/node-10.14.4.tgz",
            "integrity": "sha512-DT25xX/YgyPKiHFOpNuANIQIVvYEwCWXgK2jYYwqgaMrYE6+tq+DtmMwlD3drl6DJbUwtlIDnn0d7tIn/EbXBg=="
        },
        "commander": {
            "version": "2.0.0",
            "resolved": "https://registry.npmjs.org/commander/-/commander-2.0.0.tgz",
            "integrity": "sha1-0bhvkB+LZL2UG96tr5JFMDk76Sg=",
            "dev": true
        },
        "debug": {
            "version": "4.1.1",
            "resolved": "https://registry.npmjs.org/debug/-/debug-4.1.1.tgz",
            "integrity": "sha512-pYAIzeRo8J6KPEaJ0VWOh5Pzkbw/RetuzehGM7QRRX5he4fPHx2rdKMB256ehJCkX+XRQm16eZLqLNS8RSZXZw==",
            "dev": true,
            "requires": {
                "ms": "^2.1.1"
            }
        },
        "diff": {
            "version": "1.0.7",
            "resolved": "https://registry.npmjs.org/diff/-/diff-1.0.7.tgz",
            "integrity": "sha1-JLuwAcSn1VIhaefKvbLCgU7ZHPQ=",
            "dev": true
        },
        "glob": {
            "version": "3.2.3",
            "resolved": "https://registry.npmjs.org/glob/-/glob-3.2.3.tgz",
            "integrity": "sha1-4xPusknHr/qlxHUoaw4RW1mDlGc=",
            "dev": true,
            "requires": {
                "graceful-fs": "~2.0.0",
                "inherits": "2",
                "minimatch": "~0.2.11"
            }
        },
        "graceful-fs": {
            "version": "2.0.3",
            "resolved": "https://registry.npmjs.org/graceful-fs/-/graceful-fs-2.0.3.tgz",
            "integrity": "sha1-fNLNsiiko/Nule+mzBQt59GhNtA=",
            "dev": true
        },
        "growl": {
            "version": "1.7.0",
            "resolved": "https://registry.npmjs.org/growl/-/growl-1.7.0.tgz",
            "integrity": "sha1-3i1mE20ALhErpw8/EMMc98NQsto=",
            "dev": true
        },
        "inherits": {
            "version": "2.0.3",
            "resolved": "https://registry.npmjs.org/inherits/-/inherits-2.0.3.tgz",
            "integrity": "sha1-Yzwsg+PaQqUC9SRmAiSA9CCCYd4=",
            "dev": true
        },
        "jade": {
            "version": "0.26.3",
            "resolved": "https://registry.npmjs.org/jade/-/jade-0.26.3.tgz",
            "integrity": "sha1-jxDXl32NefL2/4YqgbBRPMslaGw=",
            "dev": true,
            "requires": {
                "commander": "0.6.1",
                "mkdirp": "0.3.0"
            },
            "dependencies": {
                "commander": {
                    "version": "0.6.1",
                    "resolved": "https://registry.npmjs.org/commander/-/commander-0.6.1.tgz",
                    "integrity": "sha1-+mihT2qUXVTbvlDYzbMyDp47GgY=",
                    "dev": true
                },
                "mkdirp": {
                    "version": "0.3.0",
                    "resolved": "https://registry.npmjs.org/mkdirp/-/mkdirp-0.3.0.tgz",
                    "integrity": "sha1-G79asbqCevI1dRQ0kEJkVfSB/h4=",
                    "dev": true
                }
            }
        },
        "long": {
            "version": "4.0.0",
            "resolved": "https://registry.npmjs.org/long/-/long-4.0.0.tgz",
            "integrity": "sha512-XsP+KhQif4bjX1kbuSiySJFNAehNxgLb6hPRGJ9QsUr8ajHkuXGdrHmFUTUUXhDwVX2R5bY4JNZEwbUiMhV+MA=="
        },
        "lru-cache": {
            "version": "2.7.3",
            "resolved": "https://registry.npmjs.org/lru-cache/-/lru-cache-2.7.3.tgz",
            "integrity": "sha1-bUUk6LlV+V1PW1iFHOId1y+06VI=",
            "dev": true
        },
        "minimatch": {
            "version": "0.2.14",
            "resolved": "https://registry.npmjs.org/minimatch/-/minimatch-0.2.14.tgz",
            "integrity": "sha1-x054BXT2PG+aCQ6Q775u9TpqdWo=",
            "dev": true,
            "requires": {
                "lru-cache": "2",
                "sigmund": "~1.0.0"
            }
        },
        "mkdirp": {
            "version": "0.3.5",
            "resolved": "https://registry.npmjs.org/mkdirp/-/mkdirp-0.3.5.tgz",
            "integrity": "sha1-3j5fiWHIjHh+4TaN+EmsRBPsqNc=",
            "dev": true
        },
        "mocha": {
            "version": "1.19.0",
            "resolved": "https://registry.npmjs.org/mocha/-/mocha-1.19.0.tgz",
            "integrity": "sha1-nAwX1/LSYg4/ZzBzY8ojPF4tb18=",
            "dev": true,
            "requires": {
                "commander": "2.0.0",
                "debug": "*",
                "diff": "1.0.7",
                "glob": "3.2.3",
                "growl": "1.7.x",
                "jade": "0.26.3",
                "mkdirp": "0.3.5"
            }
        },
        "ms": {
            "version": "2.1.1",
            "resolved": "https://registry.npmjs.org/ms/-/ms-2.1.1.tgz",
            "integrity": "sha512-tgp+dl5cGk28utYktBsrFqA7HKgrhgPsg6Z/EfhWI4gl1Hwq8B/GmY/0oXZ6nF8hDVesS/FpnYaD/kOWhYQvyg==",
            "dev": true
        },
        "protobufjs": {
            "version": "6.8.8",
            "resolved": "https://registry.npmjs.org/protobufjs/-/protobufjs-6.8.8.tgz",
            "integrity": "sha512-AAmHtD5pXgZfi7GMpllpO3q1Xw1OYldr+dMUlAnffGTAhqkg72WdmSY71uKBF/JuyiKs8psYbtKrhi0ASCD8qw==",
            "requires": {
                "@protobufjs/aspromise": "^1.1.2",
                "@protobufjs/base64": "^1.1.2",
                "@protobufjs/codegen": "^2.0.4",
                "@protobufjs/eventemitter": "^1.1.0",
                "@protobufjs/fetch": "^1.1.0",
                "@protobufjs/float": "^1.0.2",
                "@protobufjs/inquire": "^1.1.0",
                "@protobufjs/path": "^1.1.2",
                "@protobufjs/pool": "^1.1.0",
                "@protobufjs/utf8": "^1.1.0",
                "@types/long": "^4.0.0",
                "@types/node": "^10.1.0",
                "long": "^4.0.0"
            }
        },
        "should": {
            "version": "3.3.1",
            "resolved": "https://registry.npmjs.org/should/-/should-3.3.1.tgz",
            "integrity": "sha1-KMk6UiugARRq+WB48KiL9aySlSI=",
            "dev": true
        },
        "sigmund": {
            "version": "1.0.1",
            "resolved": "https://registry.npmjs.org/sigmund/-/sigmund-1.0.1.tgz",
            "integrity": "sha1-P/IfGYytIXX587eBhT/ZTQ0ZtZA=",
            "dev": true
        }
    }
}
